
Microsoft Visual Studio Solution File, Format Version 12.00
# Visual Studio Version 16
VisualStudioVersion = 16.0.31112.23
MinimumVisualStudioVersion = 10.0.40219.1
Project("{FAE04EC0-301F-11D3-BF4B-00C04F79EFBC}") = "Paint", "Paint\Paint.csproj", "{749565F0-C8BF-4633-9554-C2C2545F4149}"
EndProject
Global
	GlobalSection(SolutionConfigurationPlatforms) = preSolution
		Debug|Any CPU = Debug|Any CPU
		Release|Any CPU = Release|Any CPU
	EndGlobalSection
	GlobalSection(ProjectConfigurationPlatforms) = postSolution
		{749565F0-C8BF-4633-9554-C2C2545F4149}.Debug|Any CPU.ActiveCfg = Debug|Any CPU
		{749565F0-C8BF-4633-9554-C2C2545F4149}.Debug|Any CPU.Build.0 = Debug|Any CPU
		{749565F0-C8BF-4633-9554-C2C2545F4149}.Release|Any CPU.ActiveCfg = Release|Any CPU
		{749565F0-C8BF-4633-9554-C2C2545F4149}.Release|Any CPU.Build.0 = Release|Any CPU
	EndGlobalSection
	GlobalSection(SolutionProperties) = preSolution
		HideSolutionNode = FALSE
	EndGlobalSection
	GlobalSection(ExtensibilityGlobals) = postSolution
		SolutionGuid = {ADB3A89F-EEFF-4451-BBB6-B266994DFD68}
	EndGlobalSection
EndGlobal
